// !$*UTF8*$!
{
	archiveVersion = 1;
	classes = {
	};
	objectVersion = 50;
	objects = {

/* Begin PBXBuildFile section */
		BF0E38EF2711E44C00829136 /* AppDelegate.swift in Sources */ = {isa = PBXBuildFile; fileRef = BF0E38EE2711E44C00829136 /* AppDelegate.swift */; };
		BF0E38F12711E44C00829136 /* SceneDelegate.swift in Sources */ = {isa = PBXBuildFile; fileRef = BF0E38F02711E44C00829136 /* SceneDelegate.swift */; };
		BF0E38F32711E44C00829136 /* ViewController.swift in Sources */ = {isa = PBXBuildFile; fileRef = BF0E38F22711E44C00829136 /* ViewController.swift */; };
		BF0E38F62711E44C00829136 /* Main.storyboard in Resources */ = {isa = PBXBuildFile; fileRef = BF0E38F42711E44C00829136 /* Main.storyboard */; };
		BF0E38F82711E44E00829136 /* Assets.xcassets in Resources */ = {isa = PBXBuildFile; fileRef = BF0E38F72711E44E00829136 /* Assets.xcassets */; };
		BF0E38FB2711E44E00829136 /* LaunchScreen.storyboard in Resources */ = {isa = PBXBuildFile; fileRef = BF0E38F92711E44E00829136 /* LaunchScreen.storyboard */; };
		BF0E39062711E44E00829136 /* RPNCalculatorTests.swift in Sources */ = {isa = PBXBuildFile; fileRef = BF0E39052711E44E00829136 /* RPNCalculatorTests.swift */; };
		BF0E39112711E44E00829136 /* RPNCalculatorUITests.swift in Sources */ = {isa = PBXBuildFile; fileRef = BF0E39102711E44E00829136 /* RPNCalculatorUITests.swift */; };
		BF6306BA271702D8003E209F /* CalcEngine.swift in Sources */ = {isa = PBXBuildFile; fileRef = BF6306B9271702D8003E209F /* CalcEngine.swift */; };
/* End PBXBuildFile section */

/* Begin PBXContainerItemProxy section */
		BF0E39022711E44E00829136 /* PBXContainerItemProxy */ = {
			isa = PBXContainerItemProxy;
			containerPortal = BF0E38E32711E44C00829136 /* Project object */;
			proxyType = 1;
			remoteGlobalIDString = BF0E38EA2711E44C00829136;
			remoteInfo = RPNCalculator;
		};
		BF0E390D2711E44E00829136 /* PBXContainerItemProxy */ = {
			isa = PBXContainerItemProxy;
			containerPortal = BF0E38E32711E44C00829136 /* Project object */;
			proxyType = 1;
			remoteGlobalIDString = BF0E38EA2711E44C00829136;
			remoteInfo = RPNCalculator;
		};
/* End PBXContainerItemProxy section */

/* Begin PBXFileReference section */
		BF0E38EB2711E44C00829136 /* RPNCalculator.app */ = {isa = PBXFileReference; explicitFileType = wrapper.application; includeInIndex = 0; path = RPNCalculator.app; sourceTree = BUILT_PRODUCTS_DIR; };
		BF0E38EE2711E44C00829136 /* AppDelegate.swift */ = {isa = PBXFileReference; lastKnownFileType = sourcecode.swift; path = AppDelegate.swift; sourceTree = "<group>"; };
		BF0E38F02711E44C00829136 /* SceneDelegate.swift */ = {isa = PBXFileReference; lastKnownFileType = sourcecode.swift; path = SceneDelegate.swift; sourceTree = "<group>"; };
		BF0E38F22711E44C00829136 /* ViewController.swift */ = {isa = PBXFileReference; lastKnownFileType = sourcecode.swift; path = ViewController.swift; sourceTree = "<group>"; };
		BF0E38F52711E44C00829136 /* Base */ = {isa = PBXFileReference; lastKnownFileType = file.storyboard; name = Base; path = Base.lproj/Main.storyboard; sourceTree = "<group>"; };
		BF0E38F72711E44E00829136 /* Assets.xcassets */ = {isa = PBXFileReference; lastKnownFileType = folder.assetcatalog; path = Assets.xcassets; sourceTree = "<group>"; };
		BF0E38FA2711E44E00829136 /* Base */ = {isa = PBXFileReference; lastKnownFileType = file.storyboard; name = Base; path = Base.lproj/LaunchScreen.storyboard; sourceTree = "<group>"; };
		BF0E38FC2711E44E00829136 /* Info.plist */ = {isa = PBXFileReference; lastKnownFileType = text.plist.xml; path = Info.plist; sourceTree = "<group>"; };
		BF0E39012711E44E00829136 /* RPNCalculatorTests.xctest */ = {isa = PBXFileReference; explicitFileType = wrapper.cfbundle; includeInIndex = 0; path = RPNCalculatorTests.xctest; sourceTree = BUILT_PRODUCTS_DIR; };
		BF0E39052711E44E00829136 /* RPNCalculatorTests.swift */ = {isa = PBXFileReference; lastKnownFileType = sourcecode.swift; path = RPNCalculatorTests.swift; sourceTree = "<group>"; };
		BF0E39072711E44E00829136 /* Info.plist */ = {isa = PBXFileReference; lastKnownFileType = text.plist.xml; path = Info.plist; sourceTree = "<group>"; };
		BF0E390C2711E44E00829136 /* RPNCalculatorUITests.xctest */ = {isa = PBXFileReference; explicitFileType = wrapper.cfbundle; includeInIndex = 0; path = RPNCalculatorUITests.xctest; sourceTree = BUILT_PRODUCTS_DIR; };
		BF0E39102711E44E00829136 /* RPNCalculatorUITests.swift */ = {isa = PBXFileReference; lastKnownFileType = sourcecode.swift; path = RPNCalculatorUITests.swift; sourceTree = "<group>"; };
		BF0E39122711E44E00829136 /* Info.plist */ = {isa = PBXFileReference; lastKnownFileType = text.plist.xml; path = Info.plist; sourceTree = "<group>"; };
		BF6306B9271702D8003E209F /* CalcEngine.swift */ = {isa = PBXFileReference; lastKnownFileType = sourcecode.swift; name = CalcEngine.swift; path = CalcEngine/CalcEngine.swift; sourceTree = "<group>"; };
/* End PBXFileReference section */

/* Begin PBXFrameworksBuildPhase section */
		BF0E38E82711E44C00829136 /* Frameworks */ = {
			isa = PBXFrameworksBuildPhase;
			buildActionMask = 2147483647;
			files = (
			);
			runOnlyForDeploymentPostprocessing = 0;
		};
		BF0E38FE2711E44E00829136 /* Frameworks */ = {
			isa = PBXFrameworksBuildPhase;
			buildActionMask = 2147483647;
			files = (
			);
			runOnlyForDeploymentPostprocessing = 0;
		};
		BF0E39092711E44E00829136 /* Frameworks */ = {
			isa = PBXFrameworksBuildPhase;
			buildActionMask = 2147483647;
			files = (
			);
			runOnlyForDeploymentPostprocessing = 0;
		};
/* End PBXFrameworksBuildPhase section */

/* Begin PBXGroup section */
		BF0E38E22711E44C00829136 = {
			isa = PBXGroup;
			children = (
				BF0E38ED2711E44C00829136 /* RPNCalculator */,
				BF0E39042711E44E00829136 /* RPNCalculatorTests */,
				BF0E390F2711E44E00829136 /* RPNCalculatorUITests */,
				BF0E38EC2711E44C00829136 /* Products */,
			);
			sourceTree = "<group>";
		};
		BF0E38EC2711E44C00829136 /* Products */ = {
			isa = PBXGroup;
			children = (
				BF0E38EB2711E44C00829136 /* RPNCalculator.app */,
				BF0E39012711E44E00829136 /* RPNCalculatorTests.xctest */,
				BF0E390C2711E44E00829136 /* RPNCalculatorUITests.xctest */,
			);
			name = Products;
			sourceTree = "<group>";
		};
		BF0E38ED2711E44C00829136 /* RPNCalculator */ = {
			isa = PBXGroup;
			children = (
				BF0E38EE2711E44C00829136 /* AppDelegate.swift */,
				BF6306B9271702D8003E209F /* CalcEngine.swift */,
				BF0E38F02711E44C00829136 /* SceneDelegate.swift */,
				BF0E38F22711E44C00829136 /* ViewController.swift */,
				BF0E38F42711E44C00829136 /* Main.storyboard */,
				BF0E38F72711E44E00829136 /* Assets.xcassets */,
				BF0E38F92711E44E00829136 /* LaunchScreen.storyboard */,
				BF0E38FC2711E44E00829136 /* Info.plist */,
			);
			path = RPNCalculator;
			sourceTree = "<group>";
		};
		BF0E39042711E44E00829136 /* RPNCalculatorTests */ = {
			isa = PBXGroup;
			children = (
				BF0E39052711E44E00829136 /* RPNCalculatorTests.swift */,
				BF0E39072711E44E00829136 /* Info.plist */,
			);
			path = RPNCalculatorTests;
			sourceTree = "<group>";
		};
		BF0E390F2711E44E00829136 /* RPNCalculatorUITests */ = {
			isa = PBXGroup;
			children = (
				BF0E39102711E44E00829136 /* RPNCalculatorUITests.swift */,
				BF0E39122711E44E00829136 /* Info.plist */,
			);
			path = RPNCalculatorUITests;
			sourceTree = "<group>";
		};
/* End PBXGroup section */

/* Begin PBXNativeTarget section */
		BF0E38EA2711E44C00829136 /* RPNCalculator */ = {
			isa = PBXNativeTarget;
			buildConfigurationList = BF0E39152711E44E00829136 /* Build configuration list for PBXNativeTarget "RPNCalculator" */;
			buildPhases = (
				BF0E38E72711E44C00829136 /* Sources */,
				BF0E38E82711E44C00829136 /* Frameworks */,
				BF0E38E92711E44C00829136 /* Resources */,
			);
			buildRules = (
			);
			dependencies = (
			);
			name = RPNCalculator;
			productName = RPNCalculator;
			productReference = BF0E38EB2711E44C00829136 /* RPNCalculator.app */;
			productType = "com.apple.product-type.application";
		};
		BF0E39002711E44E00829136 /* RPNCalculatorTests */ = {
			isa = PBXNativeTarget;
			buildConfigurationList = BF0E39182711E44E00829136 /* Build configuration list for PBXNativeTarget "RPNCalculatorTests" */;
			buildPhases = (
				BF0E38FD2711E44E00829136 /* Sources */,
				BF0E38FE2711E44E00829136 /* Frameworks */,
				BF0E38FF2711E44E00829136 /* Resources */,
			);
			buildRules = (
			);
			dependencies = (
				BF0E39032711E44E00829136 /* PBXTargetDependency */,
			);
			name = RPNCalculatorTests;
			productName = RPNCalculatorTests;
			productReference = BF0E39012711E44E00829136 /* RPNCalculatorTests.xctest */;
			productType = "com.apple.product-type.bundle.unit-test";
		};
		BF0E390B2711E44E00829136 /* RPNCalculatorUITests */ = {
			isa = PBXNativeTarget;
			buildConfigurationList = BF0E391B2711E44E00829136 /* Build configuration list for PBXNativeTarget "RPNCalculatorUITests" */;
			buildPhases = (
				BF0E39082711E44E00829136 /* Sources */,
				BF0E39092711E44E00829136 /* Frameworks */,
				BF0E390A2711E44E00829136 /* Resources */,
			);
			buildRules = (
			);
			dependencies = (
				BF0E390E2711E44E00829136 /* PBXTargetDependency */,
			);
			name = RPNCalculatorUITests;
			productName = RPNCalculatorUITests;
			productReference = BF0E390C2711E44E00829136 /* RPNCalculatorUITests.xctest */;
			productType = "com.apple.product-type.bundle.ui-testing";
		};
/* End PBXNativeTarget section */

/* Begin PBXProject section */
		BF0E38E32711E44C00829136 /* Project object */ = {
			isa = PBXProject;
			attributes = {
				LastSwiftUpdateCheck = 1240;
				LastUpgradeCheck = 1240;
				TargetAttributes = {
					BF0E38EA2711E44C00829136 = {
						CreatedOnToolsVersion = 12.4;
					};
					BF0E39002711E44E00829136 = {
						CreatedOnToolsVersion = 12.4;
						TestTargetID = BF0E38EA2711E44C00829136;
					};
					BF0E390B2711E44E00829136 = {
						CreatedOnToolsVersion = 12.4;
						TestTargetID = BF0E38EA2711E44C00829136;
					};
				};
			};
			buildConfigurationList = BF0E38E62711E44C00829136 /* Build configuration list for PBXProject "RPNCalculator" */;
			compatibilityVersion = "Xcode 9.3";
			developmentRegion = en;
			hasScannedForEncodings = 0;
			knownRegions = (
				en,
				Base,
			);
			mainGroup = BF0E38E22711E44C00829136;
			productRefGroup = BF0E38EC2711E44C00829136 /* Products */;
			projectDirPath = "";
			projectRoot = "";
			targets = (
				BF0E38EA2711E44C00829136 /* RPNCalculator */,
				BF0E39002711E44E00829136 /* RPNCalculatorTests */,
				BF0E390B2711E44E00829136 /* RPNCalculatorUITests */,
			);
		};
/* End PBXProject section */

/* Begin PBXResourcesBuildPhase section */
		BF0E38E92711E44C00829136 /* Resources */ = {
			isa = PBXResourcesBuildPhase;
			buildActionMask = 2147483647;
			files = (
				BF0E38FB2711E44E00829136 /* LaunchScreen.storyboard in Resources */,
				BF0E38F82711E44E00829136 /* Assets.xcassets in Resources */,
				BF0E38F62711E44C00829136 /* Main.storyboard in Resources */,
			);
			runOnlyForDeploymentPostprocessing = 0;
		};
		BF0E38FF2711E44E00829136 /* Resources */ = {
			isa = PBXResourcesBuildPhase;
			buildActionMask = 2147483647;
			files = (
			);
			runOnlyForDeploymentPostprocessing = 0;
		};
		BF0E390A2711E44E00829136 /* Resources */ = {
			isa = PBXResourcesBuildPhase;
			buildActionMask = 2147483647;
			files = (
			);
			runOnlyForDeploymentPostprocessing = 0;
		};
/* End PBXResourcesBuildPhase section */

/* Begin PBXSourcesBuildPhase section */
		BF0E38E72711E44C00829136 /* Sources */ = {
			isa = PBXSourcesBuildPhase;
			buildActionMask = 2147483647;
			files = (
				BF6306BA271702D8003E209F /* CalcEngine.swift in Sources */,
				BF0E38F32711E44C00829136 /* ViewController.swift in Sources */,
				BF0E38EF2711E44C00829136 /* AppDelegate.swift in Sources */,
				BF0E38F12711E44C00829136 /* SceneDelegate.swift in Sources */,
			);
			runOnlyForDeploymentPostprocessing = 0;
		};
		BF0E38FD2711E44E00829136 /* Sources */ = {
			isa = PBXSourcesBuildPhase;
			buildActionMask = 2147483647;
			files = (
				BF0E39062711E44E00829136 /* RPNCalculatorTests.swift in Sources */,
			);
			runOnlyForDeploymentPostprocessing = 0;
		};
		BF0E39082711E44E00829136 /* Sources */ = {
			isa = PBXSourcesBuildPhase;
			buildActionMask = 2147483647;
			files = (
				BF0E39112711E44E00829136 /* RPNCalculatorUITests.swift in Sources */,
			);
			runOnlyForDeploymentPostprocessing = 0;
		};
/* End PBXSourcesBuildPhase section */

/* Begin PBXTargetDependency section */
		BF0E39032711E44E00829136 /* PBXTargetDependency */ = {
			isa = PBXTargetDependency;
			target = BF0E38EA2711E44C00829136 /* RPNCalculator */;
			targetProxy = BF0E39022711E44E00829136 /* PBXContainerItemProxy */;
		};
		BF0E390E2711E44E00829136 /* PBXTargetDependency */ = {
			isa = PBXTargetDependency;
			target = BF0E38EA2711E44C00829136 /* RPNCalculator */;
			targetProxy = BF0E390D2711E44E00829136 /* PBXContainerItemProxy */;
		};
/* End PBXTargetDependency section */

/* Begin PBXVariantGroup section */
		BF0E38F42711E44C00829136 /* Main.storyboard */ = {
			isa = PBXVariantGroup;
			children = (
				BF0E38F52711E44C00829136 /* Base */,
			);
			name = Main.storyboard;
			sourceTree = "<group>";
		};
		BF0E38F92711E44E00829136 /* LaunchScreen.storyboard */ = {
			isa = PBXVariantGroup;
			children = (
				BF0E38FA2711E44E00829136 /* Base */,
			);
			name = LaunchScreen.storyboard;
			sourceTree = "<group>";
		};
/* End PBXVariantGroup section */

/* Begin XCBuildConfiguration section */
		BF0E39132711E44E00829136 /* Debug */ = {
			isa = XCBuildConfiguration;
			buildSettings = {
				ALWAYS_SEARCH_USER_PATHS = NO;
				CLANG_ANALYZER_NONNULL = YES;
				CLANG_ANALYZER_NUMBER_OBJECT_CONVERSION = YES_AGGRESSIVE;
				CLANG_CXX_LANGUAGE_STANDARD = "gnu++14";
				CLANG_CXX_LIBRARY = "libc++";
				CLANG_ENABLE_MODULES = YES;
				CLANG_ENABLE_OBJC_ARC = YES;
				CLANG_ENABLE_OBJC_WEAK = YES;
				CLANG_WARN_BLOCK_CAPTURE_AUTORELEASING = YES;
				CLANG_WARN_BOOL_CONVERSION = YES;
				CLANG_WARN_COMMA = YES;
				CLANG_WARN_CONSTANT_CONVERSION = YES;
				CLANG_WARN_DEPRECATED_OBJC_IMPLEMENTATIONS = YES;
				CLANG_WARN_DIRECT_OBJC_ISA_USAGE = YES_ERROR;
				CLANG_WARN_DOCUMENTATION_COMMENTS = YES;
				CLANG_WARN_EMPTY_BODY = YES;
				CLANG_WARN_ENUM_CONVERSION = YES;
				CLANG_WARN_INFINITE_RECURSION = YES;
				CLANG_WARN_INT_CONVERSION = YES;
				CLANG_WARN_NON_LITERAL_NULL_CONVERSION = YES;
				CLANG_WARN_OBJC_IMPLICIT_RETAIN_SELF = YES;
				CLANG_WARN_OBJC_LITERAL_CONVERSION = YES;
				CLANG_WARN_OBJC_ROOT_CLASS = YES_ERROR;
				CLANG_WARN_QUOTED_INCLUDE_IN_FRAMEWORK_HEADER = YES;
				CLANG_WARN_RANGE_LOOP_ANALYSIS = YES;
				CLANG_WARN_STRICT_PROTOTYPES = YES;
				CLANG_WARN_SUSPICIOUS_MOVE = YES;
				CLANG_WARN_UNGUARDED_AVAILABILITY = YES_AGGRESSIVE;
				CLANG_WARN_UNREACHABLE_CODE = YES;
				CLANG_WARN__DUPLICATE_METHOD_MATCH = YES;
				COPY_PHASE_STRIP = NO;
				DEBUG_INFORMATION_FORMAT = dwarf;
				ENABLE_STRICT_OBJC_MSGSEND = YES;
				ENABLE_TESTABILITY = YES;
				GCC_C_LANGUAGE_STANDARD = gnu11;
				GCC_DYNAMIC_NO_PIC = NO;
				GCC_NO_COMMON_BLOCKS = YES;
				GCC_OPTIMIZATION_LEVEL = 0;
				GCC_PREPROCESSOR_DEFINITIONS = (
					"DEBUG=1",
					"$(inherited)",
				);
				GCC_WARN_64_TO_32_BIT_CONVERSION = YES;
				GCC_WARN_ABOUT_RETURN_TYPE = YES_ERROR;
				GCC_WARN_UNDECLARED_SELECTOR = YES;
				GCC_WARN_UNINITIALIZED_AUTOS = YES_AGGRESSIVE;
				GCC_WARN_UNUSED_FUNCTION = YES;
				GCC_WARN_UNUSED_VARIABLE = YES;
				IPHONEOS_DEPLOYMENT_TARGET = 14.4;
				MTL_ENABLE_DEBUG_INFO = INCLUDE_SOURCE;
				MTL_FAST_MATH = YES;
				ONLY_ACTIVE_ARCH = YES;
				SDKROOT = iphoneos;
				SWIFT_ACTIVE_COMPILATION_CONDITIONS = DEBUG;
				SWIFT_OPTIMIZATION_LEVEL = "-Onone";
			};
			name = Debug;
		};
		BF0E39142711E44E00829136 /* Release */ = {
			isa = XCBuildConfiguration;
			buildSettings = {
				ALWAYS_SEARCH_USER_PATHS = NO;
				CLANG_ANALYZER_NONNULL = YES;
				CLANG_ANALYZER_NUMBER_OBJECT_CONVERSION = YES_AGGRESSIVE;
				CLANG_CXX_LANGUAGE_STANDARD = "gnu++14";
				CLANG_CXX_LIBRARY = "libc++";
				CLANG_ENABLE_MODULES = YES;
				CLANG_ENABLE_OBJC_ARC = YES;
				CLANG_ENABLE_OBJC_WEAK = YES;
				CLANG_WARN_BLOCK_CAPTURE_AUTORELEASING = YES;
				CLANG_WARN_BOOL_CONVERSION = YES;
				CLANG_WARN_COMMA = YES;
				CLANG_WARN_CONSTANT_CONVERSION = YES;
				CLANG_WARN_DEPRECATED_OBJC_IMPLEMENTATIONS = YES;
				CLANG_WARN_DIRECT_OBJC_ISA_USAGE = YES_ERROR;
				CLANG_WARN_DOCUMENTATION_COMMENTS = YES;
				CLANG_WARN_EMPTY_BODY = YES;
				CLANG_WARN_ENUM_CONVERSION = YES;
				CLANG_WARN_INFINITE_RECURSION = YES;
				CLANG_WARN_INT_CONVERSION = YES;
				CLANG_WARN_NON_LITERAL_NULL_CONVERSION = YES;
				CLANG_WARN_OBJC_IMPLICIT_RETAIN_SELF = YES;
				CLANG_WARN_OBJC_LITERAL_CONVERSION = YES;
				CLANG_WARN_OBJC_ROOT_CLASS = YES_ERROR;
				CLANG_WARN_QUOTED_INCLUDE_IN_FRAMEWORK_HEADER = YES;
				CLANG_WARN_RANGE_LOOP_ANALYSIS = YES;
				CLANG_WARN_STRICT_PROTOTYPES = YES;
				CLANG_WARN_SUSPICIOUS_MOVE = YES;
				CLANG_WARN_UNGUARDED_AVAILABILITY = YES_AGGRESSIVE;
				CLANG_WARN_UNREACHABLE_CODE = YES;
				CLANG_WARN__DUPLICATE_METHOD_MATCH = YES;
				COPY_PHASE_STRIP = NO;
				DEBUG_INFORMATION_FORMAT = "dwarf-with-dsym";
				ENABLE_NS_ASSERTIONS = NO;
				ENABLE_STRICT_OBJC_MSGSEND = YES;
				GCC_C_LANGUAGE_STANDARD = gnu11;
				GCC_NO_COMMON_BLOCKS = YES;
				GCC_WARN_64_TO_32_BIT_CONVERSION = YES;
				GCC_WARN_ABOUT_RETURN_TYPE = YES_ERROR;
				GCC_WARN_UNDECLARED_SELECTOR = YES;
				GCC_WARN_UNINITIALIZED_AUTOS = YES_AGGRESSIVE;
				GCC_WARN_UNUSED_FUNCTION = YES;
				GCC_WARN_UNUSED_VARIABLE = YES;
				IPHONEOS_DEPLOYMENT_TARGET = 14.4;
				MTL_ENABLE_DEBUG_INFO = NO;
				MTL_FAST_MATH = YES;
				SDKROOT = iphoneos;
				SWIFT_COMPILATION_MODE = wholemodule;
				SWIFT_OPTIMIZATION_LEVEL = "-O";
				VALIDATE_PRODUCT = YES;
			};
			name = Release;
		};
		BF0E39162711E44E00829136 /* Debug */ = {
			isa = XCBuildConfiguration;
			buildSettings = {
				ASSETCATALOG_COMPILER_APPICON_NAME = AppIcon;
				ASSETCATALOG_COMPILER_GLOBAL_ACCENT_COLOR_NAME = AccentColor;
				CODE_SIGN_STYLE = Automatic;
				INFOPLIST_FILE = RPNCalculator/Info.plist;
				LD_RUNPATH_SEARCH_PATHS = (
					"$(inherited)",
					"@executable_path/Frameworks",
				);
				PRODUCT_BUNDLE_IDENTIFIER = nadasimre.RPNCalculator;
				PRODUCT_NAME = "$(TARGET_NAME)";
				SWIFT_VERSION = 5.0;
				TARGETED_DEVICE_FAMILY = "1,2";
			};
			name = Debug;
		};
		BF0E39172711E44E00829136 /* Release */ = {
			isa = XCBuildConfiguration;
			buildSettings = {
				ASSETCATALOG_COMPILER_APPICON_NAME = AppIcon;
				ASSETCATALOG_COMPILER_GLOBAL_ACCENT_COLOR_NAME = AccentColor;
				CODE_SIGN_STYLE = Automatic;
				INFOPLIST_FILE = RPNCalculator/Info.plist;
				LD_RUNPATH_SEARCH_PATHS = (
					"$(inherited)",
					"@executable_path/Frameworks",
				);
				PRODUCT_BUNDLE_IDENTIFIER = nadasimre.RPNCalculator;
				PRODUCT_NAME = "$(TARGET_NAME)";
				SWIFT_VERSION = 5.0;
				TARGETED_DEVICE_FAMILY = "1,2";
			};
			name = Release;
		};
		BF0E39192711E44E00829136 /* Debug */ = {
			isa = XCBuildConfiguration;
			buildSettings = {
				ALWAYS_EMBED_SWIFT_STANDARD_LIBRARIES = YES;
				BUNDLE_LOADER = "$(TEST_HOST)";
				CODE_SIGN_STYLE = Automatic;
				INFOPLIST_FILE = RPNCalculatorTests/Info.plist;
				IPHONEOS_DEPLOYMENT_TARGET = 14.4;
				LD_RUNPATH_SEARCH_PATHS = (
					"$(inherited)",
					"@executable_path/Frameworks",
					"@loader_path/Frameworks",
				);
				PRODUCT_BUNDLE_IDENTIFIER = nadasimre.RPNCalculatorTests;
				PRODUCT_NAME = "$(TARGET_NAME)";
				SWIFT_VERSION = 5.0;
				TARGETED_DEVICE_FAMILY = "1,2";
				TEST_HOST = "$(BUILT_PRODUCTS_DIR)/RPNCalculator.app/RPNCalculator";
			};
			name = Debug;
		};
		BF0E391A2711E44E00829136 /* Release */ = {
			isa = XCBuildConfiguration;
			buildSettings = {
				ALWAYS_EMBED_SWIFT_STANDARD_LIBRARIES = YES;
				BUNDLE_LOADER = "$(TEST_HOST)";
				CODE_SIGN_STYLE = Automatic;
				INFOPLIST_FILE = RPNCalculatorTests/Info.plist;
				IPHONEOS_DEPLOYMENT_TARGET = 14.4;
				LD_RUNPATH_SEARCH_PATHS = (
					"$(inherited)",
					"@executable_path/Frameworks",
					"@loader_path/Frameworks",
				);
				PRODUCT_BUNDLE_IDENTIFIER = nadasimre.RPNCalculatorTests;
				PRODUCT_NAME = "$(TARGET_NAME)";
				SWIFT_VERSION = 5.0;
				TARGETED_DEVICE_FAMILY = "1,2";
				TEST_HOST = "$(BUILT_PRODUCTS_DIR)/RPNCalculator.app/RPNCalculator";
			};
			name = Release;
		};
		BF0E391C2711E44E00829136 /* Debug */ = {
			isa = XCBuildConfiguration;
			buildSettings = {
				ALWAYS_EMBED_SWIFT_STANDARD_LIBRARIES = YES;
				CODE_SIGN_STYLE = Automatic;
				INFOPLIST_FILE = RPNCalculatorUITests/Info.plist;
				LD_RUNPATH_SEARCH_PATHS = (
					"$(inherited)",
					"@executable_path/Frameworks",
					"@loader_path/Frameworks",
				);
				PRODUCT_BUNDLE_IDENTIFIER = nadasimre.RPNCalculatorUITests;
				PRODUCT_NAME = "$(TARGET_NAME)";
				SWIFT_VERSION = 5.0;
				TARGETED_DEVICE_FAMILY = "1,2";
				TEST_TARGET_NAME = RPNCalculator;
			};
			name = Debug;
		};
		BF0E391D2711E44E00829136 /* Release */ = {
			isa = XCBuildConfiguration;
			buildSettings = {
				ALWAYS_EMBED_SWIFT_STANDARD_LIBRARIES = YES;
				CODE_SIGN_STYLE = Automatic;
				INFOPLIST_FILE = RPNCalculatorUITests/Info.plist;
				LD_RUNPATH_SEARCH_PATHS = (
					"$(inherited)",
					"@executable_path/Frameworks",
					"@loader_path/Frameworks",
				);
				PRODUCT_BUNDLE_IDENTIFIER = nadasimre.RPNCalculatorUITests;
				PRODUCT_NAME = "$(TARGET_NAME)";
				SWIFT_VERSION = 5.0;
				TARGETED_DEVICE_FAMILY = "1,2";
				TEST_TARGET_NAME = RPNCalculator;
			};
			name = Release;
		};
/* End XCBuildConfiguration section */

/* Begin XCConfigurationList section */
		BF0E38E62711E44C00829136 /* Build configuration list for PBXProject "RPNCalculator" */ = {
			isa = XCConfigurationList;
			buildConfigurations = (
				BF0E39132711E44E00829136 /* Debug */,
				BF0E39142711E44E00829136 /* Release */,
			);
			defaultConfigurationIsVisible = 0;
			defaultConfigurationName = Release;
		};
		BF0E39152711E44E00829136 /* Build configuration list for PBXNativeTarget "RPNCalculator" */ = {
			isa = XCConfigurationList;
			buildConfigurations = (
				BF0E39162711E44E00829136 /* Debug */,
				BF0E39172711E44E00829136 /* Release */,
			);
			defaultConfigurationIsVisible = 0;
			defaultConfigurationName = Release;
		};
		BF0E39182711E44E00829136 /* Build configuration list for PBXNativeTarget "RPNCalculatorTests" */ = {
			isa = XCConfigurationList;
			buildConfigurations = (
				BF0E39192711E44E00829136 /* Debug */,
				BF0E391A2711E44E00829136 /* Release */,
			);
			defaultConfigurationIsVisible = 0;
			defaultConfigurationName = Release;
		};
		BF0E391B2711E44E00829136 /* Build configuration list for PBXNativeTarget "RPNCalculatorUITests" */ = {
			isa = XCConfigurationList;
			buildConfigurations = (
				BF0E391C2711E44E00829136 /* Debug */,
				BF0E391D2711E44E00829136 /* Release */,
			);
			defaultConfigurationIsVisible = 0;
			defaultConfigurationName = Release;
		};
/* End XCConfigurationList section */
	};
	rootObject = BF0E38E32711E44C00829136 /* Project object */;
}
